// !$*UTF8*$!
{
	archiveVersion = 1;
	classes = {
	};
	objectVersion = 56;
	objects = {

/* Begin PBXBuildFile section */
		DB26BE86291E5F1700ED6E3A /* LevartTravelApp.swift in Sources */ = {isa = PBXBuildFile; fileRef = DB26BE85291E5F1700ED6E3A /* LevartTravelApp.swift */; };
		DB26BE88291E5F1700ED6E3A /* ContentView.swift in Sources */ = {isa = PBXBuildFile; fileRef = DB26BE87291E5F1700ED6E3A /* ContentView.swift */; };
		DB26BE8A291E5F1A00ED6E3A /* Assets.xcassets in Resources */ = {isa = PBXBuildFile; fileRef = DB26BE89291E5F1A00ED6E3A /* Assets.xcassets */; };
		DB26BE8D291E5F1A00ED6E3A /* Preview Assets.xcassets in Resources */ = {isa = PBXBuildFile; fileRef = DB26BE8C291E5F1A00ED6E3A /* Preview Assets.xcassets */; };
		DB26BE94291E67A300ED6E3A /* SplashScreenView.swift in Sources */ = {isa = PBXBuildFile; fileRef = DB26BE93291E67A300ED6E3A /* SplashScreenView.swift */; };
		DB26BE9D291E6D4100ED6E3A /* Poppins-SemiBold.ttf in Resources */ = {isa = PBXBuildFile; fileRef = DB26BE98291E6D4100ED6E3A /* Poppins-SemiBold.ttf */; };
		DB26BE9E291E6D4100ED6E3A /* Poppins-ExtraBold.ttf in Resources */ = {isa = PBXBuildFile; fileRef = DB26BE99291E6D4100ED6E3A /* Poppins-ExtraBold.ttf */; };
		DB26BE9F291E6D4100ED6E3A /* Poppins-Regular.ttf in Resources */ = {isa = PBXBuildFile; fileRef = DB26BE9A291E6D4100ED6E3A /* Poppins-Regular.ttf */; };
		DB26BEA0291E6D4100ED6E3A /* Poppins-Medium.ttf in Resources */ = {isa = PBXBuildFile; fileRef = DB26BE9B291E6D4100ED6E3A /* Poppins-Medium.ttf */; };
		DB26BEA1291E6D4100ED6E3A /* Poppins-Bold.ttf in Resources */ = {isa = PBXBuildFile; fileRef = DB26BE9C291E6D4100ED6E3A /* Poppins-Bold.ttf */; };
		DB4635B5291F012800FCC73E /* Intro.swift in Sources */ = {isa = PBXBuildFile; fileRef = DB4635B4291F012800FCC73E /* Intro.swift */; };
		DB4635B729251D5300FCC73E /* IntroView.swift in Sources */ = {isa = PBXBuildFile; fileRef = DB4635B629251D5300FCC73E /* IntroView.swift */; };
		DB4BF54F2936D60300008BA5 /* FirebaseAnalytics in Frameworks */ = {isa = PBXBuildFile; productRef = DB4BF54E2936D60300008BA5 /* FirebaseAnalytics */; };
		DB4BF5512936D60300008BA5 /* FirebaseAuth in Frameworks */ = {isa = PBXBuildFile; productRef = DB4BF5502936D60300008BA5 /* FirebaseAuth */; };
		DB4BF5532936D60300008BA5 /* FirebaseStorage in Frameworks */ = {isa = PBXBuildFile; productRef = DB4BF5522936D60300008BA5 /* FirebaseStorage */; };
		DB4BF5562936D8AF00008BA5 /* GoogleSignIn in Frameworks */ = {isa = PBXBuildFile; productRef = DB4BF5552936D8AF00008BA5 /* GoogleSignIn */; };
		DB4BF5582936D98000008BA5 /* AuthenticationViewModel.swift in Sources */ = {isa = PBXBuildFile; fileRef = DB4BF5572936D98000008BA5 /* AuthenticationViewModel.swift */; };
		DB4BF55B29375CCD00008BA5 /* GoogleSignInButton.swift in Sources */ = {isa = PBXBuildFile; fileRef = DB4BF55A29375CCD00008BA5 /* GoogleSignInButton.swift */; };
		DB4BF55D29375EC000008BA5 /* LoginView.swift in Sources */ = {isa = PBXBuildFile; fileRef = DB4BF55C29375EC000008BA5 /* LoginView.swift */; };
		DB4BF55F29376AED00008BA5 /* ProfileView.swift in Sources */ = {isa = PBXBuildFile; fileRef = DB4BF55E29376AED00008BA5 /* ProfileView.swift */; };
		DB4BF56329378B6F00008BA5 /* GoogleService-Info.plist in Resources */ = {isa = PBXBuildFile; fileRef = DB4BF56229378B6F00008BA5 /* GoogleService-Info.plist */; };
		DB4BF56529381F1100008BA5 /* SearchView.swift in Sources */ = {isa = PBXBuildFile; fileRef = DB4BF56429381F1100008BA5 /* SearchView.swift */; };
		DB4BF56E2938DDC700008BA5 /* FirebaseFirestore in Frameworks */ = {isa = PBXBuildFile; productRef = DB4BF56D2938DDC700008BA5 /* FirebaseFirestore */; };
		DB803F842927A98F00AE5522 /* Home.swift in Sources */ = {isa = PBXBuildFile; fileRef = DB803F832927A98F00AE5522 /* Home.swift */; };
		DB8C85B1294A17D200E08473 /* DestinationViewModel.swift in Sources */ = {isa = PBXBuildFile; fileRef = DB8C85B0294A17D200E08473 /* DestinationViewModel.swift */; };
		DB912CE02940B9FC0001BC64 /* PackingListViewModel.swift in Sources */ = {isa = PBXBuildFile; fileRef = DB912CDF2940B9FC0001BC64 /* PackingListViewModel.swift */; };
		DB912CE22940BB630001BC64 /* PackingListView.swift in Sources */ = {isa = PBXBuildFile; fileRef = DB912CE12940BB630001BC64 /* PackingListView.swift */; };
		DB912D112941E0400001BC64 /* FirebaseFirestoreSwift in Frameworks */ = {isa = PBXBuildFile; productRef = DB912D102941E0400001BC64 /* FirebaseFirestoreSwift */; };
		DB912D1C2941F25F0001BC64 /* PackingItemRepository.swift in Sources */ = {isa = PBXBuildFile; fileRef = DB912D1B2941F25F0001BC64 /* PackingItemRepository.swift */; };
		DB912D1F2941F5550001BC64 /* Resolver in Frameworks */ = {isa = PBXBuildFile; productRef = DB912D1E2941F5550001BC64 /* Resolver */; };
		DB912D212941F6050001BC64 /* AppDelegate+Resolving.swift in Sources */ = {isa = PBXBuildFile; fileRef = DB912D202941F6050001BC64 /* AppDelegate+Resolving.swift */; };
		DB912D242941F7070001BC64 /* Disk in Frameworks */ = {isa = PBXBuildFile; productRef = DB912D232941F7070001BC64 /* Disk */; };
		DB912D4D29437AEE0001BC64 /* PackingItem.swift in Sources */ = {isa = PBXBuildFile; fileRef = DB912D4C29437AEE0001BC64 /* PackingItem.swift */; };
		DB912D4F2943816F0001BC64 /* PackingItemCellViewModel.swift in Sources */ = {isa = PBXBuildFile; fileRef = DB912D4E2943816F0001BC64 /* PackingItemCellViewModel.swift */; };
		DB912D522948C9100001BC64 /* WrappingHStack in Frameworks */ = {isa = PBXBuildFile; productRef = DB912D512948C9100001BC64 /* WrappingHStack */; };
		DBC34BD8294B537C00F3CBD2 /* DestinationDetailsView.swift in Sources */ = {isa = PBXBuildFile; fileRef = DBC34BD7294B537C00F3CBD2 /* DestinationDetailsView.swift */; };
		DBC34BDE29533FC300F3CBD2 /* ItineraryView.swift in Sources */ = {isa = PBXBuildFile; fileRef = DBC34BDD29533FC300F3CBD2 /* ItineraryView.swift */; };
		DBC34BE02953406100F3CBD2 /* Itinerary.swift in Sources */ = {isa = PBXBuildFile; fileRef = DBC34BDF2953406100F3CBD2 /* Itinerary.swift */; };
		DBC34BE22953415400F3CBD2 /* ItineraryViewModel.swift in Sources */ = {isa = PBXBuildFile; fileRef = DBC34BE12953415400F3CBD2 /* ItineraryViewModel.swift */; };
/* End PBXBuildFile section */

/* Begin PBXFileReference section */
		DB26BE82291E5F1700ED6E3A /* LevartTravel.app */ = {isa = PBXFileReference; explicitFileType = wrapper.application; includeInIndex = 0; path = LevartTravel.app; sourceTree = BUILT_PRODUCTS_DIR; };
		DB26BE85291E5F1700ED6E3A /* LevartTravelApp.swift */ = {isa = PBXFileReference; lastKnownFileType = sourcecode.swift; path = LevartTravelApp.swift; sourceTree = "<group>"; };
		DB26BE87291E5F1700ED6E3A /* ContentView.swift */ = {isa = PBXFileReference; lastKnownFileType = sourcecode.swift; path = ContentView.swift; sourceTree = "<group>"; };
		DB26BE89291E5F1A00ED6E3A /* Assets.xcassets */ = {isa = PBXFileReference; lastKnownFileType = folder.assetcatalog; path = Assets.xcassets; sourceTree = "<group>"; };
		DB26BE8C291E5F1A00ED6E3A /* Preview Assets.xcassets */ = {isa = PBXFileReference; lastKnownFileType = folder.assetcatalog; path = "Preview Assets.xcassets"; sourceTree = "<group>"; };
		DB26BE93291E67A300ED6E3A /* SplashScreenView.swift */ = {isa = PBXFileReference; lastKnownFileType = sourcecode.swift; path = SplashScreenView.swift; sourceTree = "<group>"; };
		DB26BE98291E6D4100ED6E3A /* Poppins-SemiBold.ttf */ = {isa = PBXFileReference; lastKnownFileType = file; path = "Poppins-SemiBold.ttf"; sourceTree = "<group>"; };
		DB26BE99291E6D4100ED6E3A /* Poppins-ExtraBold.ttf */ = {isa = PBXFileReference; lastKnownFileType = file; path = "Poppins-ExtraBold.ttf"; sourceTree = "<group>"; };
		DB26BE9A291E6D4100ED6E3A /* Poppins-Regular.ttf */ = {isa = PBXFileReference; lastKnownFileType = file; path = "Poppins-Regular.ttf"; sourceTree = "<group>"; };
		DB26BE9B291E6D4100ED6E3A /* Poppins-Medium.ttf */ = {isa = PBXFileReference; lastKnownFileType = file; path = "Poppins-Medium.ttf"; sourceTree = "<group>"; };
		DB26BE9C291E6D4100ED6E3A /* Poppins-Bold.ttf */ = {isa = PBXFileReference; lastKnownFileType = file; path = "Poppins-Bold.ttf"; sourceTree = "<group>"; };
		DB26BEA2291E6E2B00ED6E3A /* Info.plist */ = {isa = PBXFileReference; lastKnownFileType = text.plist; path = Info.plist; sourceTree = "<group>"; };
		DB4635B4291F012800FCC73E /* Intro.swift */ = {isa = PBXFileReference; lastKnownFileType = sourcecode.swift; path = Intro.swift; sourceTree = "<group>"; };
		DB4635B629251D5300FCC73E /* IntroView.swift */ = {isa = PBXFileReference; lastKnownFileType = sourcecode.swift; path = IntroView.swift; sourceTree = "<group>"; };
		DB4BF5572936D98000008BA5 /* AuthenticationViewModel.swift */ = {isa = PBXFileReference; lastKnownFileType = sourcecode.swift; path = AuthenticationViewModel.swift; sourceTree = "<group>"; };
		DB4BF55A29375CCD00008BA5 /* GoogleSignInButton.swift */ = {isa = PBXFileReference; lastKnownFileType = sourcecode.swift; path = GoogleSignInButton.swift; sourceTree = "<group>"; };
		DB4BF55C29375EC000008BA5 /* LoginView.swift */ = {isa = PBXFileReference; lastKnownFileType = sourcecode.swift; path = LoginView.swift; sourceTree = "<group>"; };
		DB4BF55E29376AED00008BA5 /* ProfileView.swift */ = {isa = PBXFileReference; lastKnownFileType = sourcecode.swift; path = ProfileView.swift; sourceTree = "<group>"; };
		DB4BF56229378B6F00008BA5 /* GoogleService-Info.plist */ = {isa = PBXFileReference; fileEncoding = 4; lastKnownFileType = text.plist.xml; path = "GoogleService-Info.plist"; sourceTree = "<group>"; };
		DB4BF56429381F1100008BA5 /* SearchView.swift */ = {isa = PBXFileReference; lastKnownFileType = sourcecode.swift; path = SearchView.swift; sourceTree = "<group>"; };
		DB803F832927A98F00AE5522 /* Home.swift */ = {isa = PBXFileReference; lastKnownFileType = sourcecode.swift; path = Home.swift; sourceTree = "<group>"; };
		DB8C85B0294A17D200E08473 /* DestinationViewModel.swift */ = {isa = PBXFileReference; lastKnownFileType = sourcecode.swift; path = DestinationViewModel.swift; sourceTree = "<group>"; };
		DB912CDF2940B9FC0001BC64 /* PackingListViewModel.swift */ = {isa = PBXFileReference; lastKnownFileType = sourcecode.swift; path = PackingListViewModel.swift; sourceTree = "<group>"; };
		DB912CE12940BB630001BC64 /* PackingListView.swift */ = {isa = PBXFileReference; lastKnownFileType = sourcecode.swift; path = PackingListView.swift; sourceTree = "<group>"; };
		DB912D1B2941F25F0001BC64 /* PackingItemRepository.swift */ = {isa = PBXFileReference; lastKnownFileType = sourcecode.swift; path = PackingItemRepository.swift; sourceTree = "<group>"; };
		DB912D202941F6050001BC64 /* AppDelegate+Resolving.swift */ = {isa = PBXFileReference; lastKnownFileType = sourcecode.swift; path = "AppDelegate+Resolving.swift"; sourceTree = "<group>"; };
		DB912D4C29437AEE0001BC64 /* PackingItem.swift */ = {isa = PBXFileReference; lastKnownFileType = sourcecode.swift; path = PackingItem.swift; sourceTree = "<group>"; };
		DB912D4E2943816F0001BC64 /* PackingItemCellViewModel.swift */ = {isa = PBXFileReference; lastKnownFileType = sourcecode.swift; path = PackingItemCellViewModel.swift; sourceTree = "<group>"; };
		DBC34BD7294B537C00F3CBD2 /* DestinationDetailsView.swift */ = {isa = PBXFileReference; lastKnownFileType = sourcecode.swift; path = DestinationDetailsView.swift; sourceTree = "<group>"; };
		DBC34BDD29533FC300F3CBD2 /* ItineraryView.swift */ = {isa = PBXFileReference; lastKnownFileType = sourcecode.swift; path = ItineraryView.swift; sourceTree = "<group>"; };
		DBC34BDF2953406100F3CBD2 /* Itinerary.swift */ = {isa = PBXFileReference; lastKnownFileType = sourcecode.swift; path = Itinerary.swift; sourceTree = "<group>"; };
		DBC34BE12953415400F3CBD2 /* ItineraryViewModel.swift */ = {isa = PBXFileReference; lastKnownFileType = sourcecode.swift; path = ItineraryViewModel.swift; sourceTree = "<group>"; };
/* End PBXFileReference section */

/* Begin PBXFrameworksBuildPhase section */
		DB26BE7F291E5F1700ED6E3A /* Frameworks */ = {
			isa = PBXFrameworksBuildPhase;
			buildActionMask = 2147483647;
			files = (
				DB4BF54F2936D60300008BA5 /* FirebaseAnalytics in Frameworks */,
				DB4BF5562936D8AF00008BA5 /* GoogleSignIn in Frameworks */,
				DB4BF5512936D60300008BA5 /* FirebaseAuth in Frameworks */,
				DB4BF56E2938DDC700008BA5 /* FirebaseFirestore in Frameworks */,
				DB912D522948C9100001BC64 /* WrappingHStack in Frameworks */,
				DB4BF5532936D60300008BA5 /* FirebaseStorage in Frameworks */,
				DB912D1F2941F5550001BC64 /* Resolver in Frameworks */,
				DB912D112941E0400001BC64 /* FirebaseFirestoreSwift in Frameworks */,
				DB912D242941F7070001BC64 /* Disk in Frameworks */,
			);
			runOnlyForDeploymentPostprocessing = 0;
		};
/* End PBXFrameworksBuildPhase section */

/* Begin PBXGroup section */
		DB26BE79291E5F1700ED6E3A = {
			isa = PBXGroup;
			children = (
				DB26BE84291E5F1700ED6E3A /* LevartTravel */,
				DB26BE83291E5F1700ED6E3A /* Products */,
				DB4BF56C2938DDC700008BA5 /* Frameworks */,
			);
			sourceTree = "<group>";
		};
		DB26BE83291E5F1700ED6E3A /* Products */ = {
			isa = PBXGroup;
			children = (
				DB26BE82291E5F1700ED6E3A /* LevartTravel.app */,
			);
			name = Products;
			sourceTree = "<group>";
		};
		DB26BE84291E5F1700ED6E3A /* LevartTravel */ = {
			isa = PBXGroup;
			children = (
				DB912D1A2941F24E0001BC64 /* Repositories */,
				DB4BF55929375CAD00008BA5 /* Components */,
				DB4635B3291F010300FCC73E /* View */,
				DB4635B2291F00E700FCC73E /* Model */,
				DB26BEA2291E6E2B00ED6E3A /* Info.plist */,
				DB4BF56229378B6F00008BA5 /* GoogleService-Info.plist */,
				DB26BE97291E6D1800ED6E3A /* Font */,
				DB26BE85291E5F1700ED6E3A /* LevartTravelApp.swift */,
				DB26BE87291E5F1700ED6E3A /* ContentView.swift */,
				DB26BE93291E67A300ED6E3A /* SplashScreenView.swift */,
				DB26BE89291E5F1A00ED6E3A /* Assets.xcassets */,
				DB26BE8B291E5F1A00ED6E3A /* Preview Content */,
				DB912D202941F6050001BC64 /* AppDelegate+Resolving.swift */,
			);
			path = LevartTravel;
			sourceTree = "<group>";
		};
		DB26BE8B291E5F1A00ED6E3A /* Preview Content */ = {
			isa = PBXGroup;
			children = (
				DB26BE8C291E5F1A00ED6E3A /* Preview Assets.xcassets */,
			);
			path = "Preview Content";
			sourceTree = "<group>";
		};
		DB26BE97291E6D1800ED6E3A /* Font */ = {
			isa = PBXGroup;
			children = (
				DB26BE9C291E6D4100ED6E3A /* Poppins-Bold.ttf */,
				DB26BE99291E6D4100ED6E3A /* Poppins-ExtraBold.ttf */,
				DB26BE9B291E6D4100ED6E3A /* Poppins-Medium.ttf */,
				DB26BE9A291E6D4100ED6E3A /* Poppins-Regular.ttf */,
				DB26BE98291E6D4100ED6E3A /* Poppins-SemiBold.ttf */,
			);
			path = Font;
			sourceTree = "<group>";
		};
		DB4635B2291F00E700FCC73E /* Model */ = {
			isa = PBXGroup;
			children = (
				DB4635B4291F012800FCC73E /* Intro.swift */,
				DB4BF5572936D98000008BA5 /* AuthenticationViewModel.swift */,
				DB912CDF2940B9FC0001BC64 /* PackingListViewModel.swift */,
				DB912D4C29437AEE0001BC64 /* PackingItem.swift */,
				DB912D4E2943816F0001BC64 /* PackingItemCellViewModel.swift */,
				DB8C85B0294A17D200E08473 /* DestinationViewModel.swift */,
				DBC34BDF2953406100F3CBD2 /* Itinerary.swift */,
				DBC34BE12953415400F3CBD2 /* ItineraryViewModel.swift */,
			);
			path = Model;
			sourceTree = "<group>";
		};
		DB4635B3291F010300FCC73E /* View */ = {
			isa = PBXGroup;
			children = (
				DB4635B629251D5300FCC73E /* IntroView.swift */,
				DB803F832927A98F00AE5522 /* Home.swift */,
				DB4BF55C29375EC000008BA5 /* LoginView.swift */,
				DB4BF55E29376AED00008BA5 /* ProfileView.swift */,
				DB4BF56429381F1100008BA5 /* SearchView.swift */,
				DB912CE12940BB630001BC64 /* PackingListView.swift */,
				DBC34BD7294B537C00F3CBD2 /* DestinationDetailsView.swift */,
				DBC34BDD29533FC300F3CBD2 /* ItineraryView.swift */,
			);
			path = View;
			sourceTree = "<group>";
		};
		DB4BF55929375CAD00008BA5 /* Components */ = {
			isa = PBXGroup;
			children = (
				DB4BF55A29375CCD00008BA5 /* GoogleSignInButton.swift */,
			);
			path = Components;
			sourceTree = "<group>";
		};
		DB4BF56C2938DDC700008BA5 /* Frameworks */ = {
			isa = PBXGroup;
			children = (
			);
			name = Frameworks;
			sourceTree = "<group>";
		};
		DB912D1A2941F24E0001BC64 /* Repositories */ = {
			isa = PBXGroup;
			children = (
				DB912D1B2941F25F0001BC64 /* PackingItemRepository.swift */,
			);
			path = Repositories;
			sourceTree = "<group>";
		};
/* End PBXGroup section */

/* Begin PBXNativeTarget section */
		DB26BE81291E5F1700ED6E3A /* LevartTravel */ = {
			isa = PBXNativeTarget;
			buildConfigurationList = DB26BE90291E5F1A00ED6E3A /* Build configuration list for PBXNativeTarget "LevartTravel" */;
			buildPhases = (
				DB26BE7E291E5F1700ED6E3A /* Sources */,
				DB26BE7F291E5F1700ED6E3A /* Frameworks */,
				DB26BE80291E5F1700ED6E3A /* Resources */,
			);
			buildRules = (
			);
			dependencies = (
			);
			name = LevartTravel;
			packageProductDependencies = (
				DB4BF54E2936D60300008BA5 /* FirebaseAnalytics */,
				DB4BF5502936D60300008BA5 /* FirebaseAuth */,
				DB4BF5522936D60300008BA5 /* FirebaseStorage */,
				DB4BF5552936D8AF00008BA5 /* GoogleSignIn */,
				DB4BF56D2938DDC700008BA5 /* FirebaseFirestore */,
				DB912D102941E0400001BC64 /* FirebaseFirestoreSwift */,
				DB912D1E2941F5550001BC64 /* Resolver */,
				DB912D232941F7070001BC64 /* Disk */,
				DB912D512948C9100001BC64 /* WrappingHStack */,
			);
			productName = LevartTravel;
			productReference = DB26BE82291E5F1700ED6E3A /* LevartTravel.app */;
			productType = "com.apple.product-type.application";
		};
/* End PBXNativeTarget section */

/* Begin PBXProject section */
		DB26BE7A291E5F1700ED6E3A /* Project object */ = {
			isa = PBXProject;
			attributes = {
				BuildIndependentTargetsInParallel = 1;
				LastSwiftUpdateCheck = 1410;
				LastUpgradeCheck = 1410;
				TargetAttributes = {
					DB26BE81291E5F1700ED6E3A = {
						CreatedOnToolsVersion = 14.1;
					};
				};
			};
			buildConfigurationList = DB26BE7D291E5F1700ED6E3A /* Build configuration list for PBXProject "LevartTravel" */;
			compatibilityVersion = "Xcode 14.0";
			developmentRegion = en;
			hasScannedForEncodings = 0;
			knownRegions = (
				en,
				Base,
			);
			mainGroup = DB26BE79291E5F1700ED6E3A;
			packageReferences = (
				DB4BF54D2936D60300008BA5 /* XCRemoteSwiftPackageReference "firebase-ios-sdk" */,
				DB4BF5542936D8AF00008BA5 /* XCRemoteSwiftPackageReference "GoogleSignIn-iOS" */,
				DB912D1D2941F5550001BC64 /* XCRemoteSwiftPackageReference "Resolver" */,
				DB912D222941F7070001BC64 /* XCRemoteSwiftPackageReference "Disk" */,
				DB912D502948C9100001BC64 /* XCRemoteSwiftPackageReference "WrappingHStack" */,
			);
			productRefGroup = DB26BE83291E5F1700ED6E3A /* Products */;
			projectDirPath = "";
			projectRoot = "";
			targets = (
				DB26BE81291E5F1700ED6E3A /* LevartTravel */,
			);
		};
/* End PBXProject section */

/* Begin PBXResourcesBuildPhase section */
		DB26BE80291E5F1700ED6E3A /* Resources */ = {
			isa = PBXResourcesBuildPhase;
			buildActionMask = 2147483647;
			files = (
				DB26BE9E291E6D4100ED6E3A /* Poppins-ExtraBold.ttf in Resources */,
				DB4BF56329378B6F00008BA5 /* GoogleService-Info.plist in Resources */,
				DB26BE9D291E6D4100ED6E3A /* Poppins-SemiBold.ttf in Resources */,
				DB26BEA1291E6D4100ED6E3A /* Poppins-Bold.ttf in Resources */,
				DB26BE8D291E5F1A00ED6E3A /* Preview Assets.xcassets in Resources */,
				DB26BEA0291E6D4100ED6E3A /* Poppins-Medium.ttf in Resources */,
				DB26BE8A291E5F1A00ED6E3A /* Assets.xcassets in Resources */,
				DB26BE9F291E6D4100ED6E3A /* Poppins-Regular.ttf in Resources */,
			);
			runOnlyForDeploymentPostprocessing = 0;
		};
/* End PBXResourcesBuildPhase section */

/* Begin PBXSourcesBuildPhase section */
		DB26BE7E291E5F1700ED6E3A /* Sources */ = {
			isa = PBXSourcesBuildPhase;
			buildActionMask = 2147483647;
			files = (
				DBC34BE02953406100F3CBD2 /* Itinerary.swift in Sources */,
				DB26BE88291E5F1700ED6E3A /* ContentView.swift in Sources */,
				DB912D212941F6050001BC64 /* AppDelegate+Resolving.swift in Sources */,
				DBC34BDE29533FC300F3CBD2 /* ItineraryView.swift in Sources */,
				DBC34BD8294B537C00F3CBD2 /* DestinationDetailsView.swift in Sources */,
				DB26BE86291E5F1700ED6E3A /* LevartTravelApp.swift in Sources */,
				DB912CE22940BB630001BC64 /* PackingListView.swift in Sources */,
				DB4BF55F29376AED00008BA5 /* ProfileView.swift in Sources */,
				DB912CE02940B9FC0001BC64 /* PackingListViewModel.swift in Sources */,
				DB912D4F2943816F0001BC64 /* PackingItemCellViewModel.swift in Sources */,
				DB4BF5582936D98000008BA5 /* AuthenticationViewModel.swift in Sources */,
				DB4BF55D29375EC000008BA5 /* LoginView.swift in Sources */,
				DB4635B729251D5300FCC73E /* IntroView.swift in Sources */,
				DB4BF55B29375CCD00008BA5 /* GoogleSignInButton.swift in Sources */,
				DB4635B5291F012800FCC73E /* Intro.swift in Sources */,
				DB912D1C2941F25F0001BC64 /* PackingItemRepository.swift in Sources */,
				DB803F842927A98F00AE5522 /* Home.swift in Sources */,
				DB26BE94291E67A300ED6E3A /* SplashScreenView.swift in Sources */,
				DB912D4D29437AEE0001BC64 /* PackingItem.swift in Sources */,
				DB8C85B1294A17D200E08473 /* DestinationViewModel.swift in Sources */,
				DB4BF56529381F1100008BA5 /* SearchView.swift in Sources */,
				DBC34BE22953415400F3CBD2 /* ItineraryViewModel.swift in Sources */,
			);
			runOnlyForDeploymentPostprocessing = 0;
		};
/* End PBXSourcesBuildPhase section */

/* Begin XCBuildConfiguration section */
		DB26BE8E291E5F1A00ED6E3A /* Debug */ = {
			isa = XCBuildConfiguration;
			buildSettings = {
				ALWAYS_SEARCH_USER_PATHS = NO;
				CLANG_ANALYZER_NONNULL = YES;
				CLANG_ANALYZER_NUMBER_OBJECT_CONVERSION = YES_AGGRESSIVE;
				CLANG_CXX_LANGUAGE_STANDARD = "gnu++20";
				CLANG_ENABLE_MODULES = YES;
				CLANG_ENABLE_OBJC_ARC = YES;
				CLANG_ENABLE_OBJC_WEAK = YES;
				CLANG_WARN_BLOCK_CAPTURE_AUTORELEASING = YES;
				CLANG_WARN_BOOL_CONVERSION = YES;
				CLANG_WARN_COMMA = YES;
				CLANG_WARN_CONSTANT_CONVERSION = YES;
				CLANG_WARN_DEPRECATED_OBJC_IMPLEMENTATIONS = YES;
				CLANG_WARN_DIRECT_OBJC_ISA_USAGE = YES_ERROR;
				CLANG_WARN_DOCUMENTATION_COMMENTS = YES;
				CLANG_WARN_EMPTY_BODY = YES;
				CLANG_WARN_ENUM_CONVERSION = YES;
				CLANG_WARN_INFINITE_RECURSION = YES;
				CLANG_WARN_INT_CONVERSION = YES;
				CLANG_WARN_NON_LITERAL_NULL_CONVERSION = YES;
				CLANG_WARN_OBJC_IMPLICIT_RETAIN_SELF = YES;
				CLANG_WARN_OBJC_LITERAL_CONVERSION = YES;
				CLANG_WARN_OBJC_ROOT_CLASS = YES_ERROR;
				CLANG_WARN_QUOTED_INCLUDE_IN_FRAMEWORK_HEADER = YES;
				CLANG_WARN_RANGE_LOOP_ANALYSIS = YES;
				CLANG_WARN_STRICT_PROTOTYPES = YES;
				CLANG_WARN_SUSPICIOUS_MOVE = YES;
				CLANG_WARN_UNGUARDED_AVAILABILITY = YES_AGGRESSIVE;
				CLANG_WARN_UNREACHABLE_CODE = YES;
				CLANG_WARN__DUPLICATE_METHOD_MATCH = YES;
				COPY_PHASE_STRIP = NO;
				DEBUG_INFORMATION_FORMAT = dwarf;
				ENABLE_STRICT_OBJC_MSGSEND = YES;
				ENABLE_TESTABILITY = YES;
				GCC_C_LANGUAGE_STANDARD = gnu11;
				GCC_DYNAMIC_NO_PIC = NO;
				GCC_NO_COMMON_BLOCKS = YES;
				GCC_OPTIMIZATION_LEVEL = 0;
				GCC_PREPROCESSOR_DEFINITIONS = (
					"DEBUG=1",
					"$(inherited)",
				);
				GCC_WARN_64_TO_32_BIT_CONVERSION = YES;
				GCC_WARN_ABOUT_RETURN_TYPE = YES_ERROR;
				GCC_WARN_UNDECLARED_SELECTOR = YES;
				GCC_WARN_UNINITIALIZED_AUTOS = YES_AGGRESSIVE;
				GCC_WARN_UNUSED_FUNCTION = YES;
				GCC_WARN_UNUSED_VARIABLE = YES;
				IPHONEOS_DEPLOYMENT_TARGET = 16.1;
				MTL_ENABLE_DEBUG_INFO = INCLUDE_SOURCE;
				MTL_FAST_MATH = YES;
				ONLY_ACTIVE_ARCH = YES;
				SDKROOT = iphoneos;
				SWIFT_ACTIVE_COMPILATION_CONDITIONS = DEBUG;
				SWIFT_OPTIMIZATION_LEVEL = "-Onone";
			};
			name = Debug;
		};
		DB26BE8F291E5F1A00ED6E3A /* Release */ = {
			isa = XCBuildConfiguration;
			buildSettings = {
				ALWAYS_SEARCH_USER_PATHS = NO;
				CLANG_ANALYZER_NONNULL = YES;
				CLANG_ANALYZER_NUMBER_OBJECT_CONVERSION = YES_AGGRESSIVE;
				CLANG_CXX_LANGUAGE_STANDARD = "gnu++20";
				CLANG_ENABLE_MODULES = YES;
				CLANG_ENABLE_OBJC_ARC = YES;
				CLANG_ENABLE_OBJC_WEAK = YES;
				CLANG_WARN_BLOCK_CAPTURE_AUTORELEASING = YES;
				CLANG_WARN_BOOL_CONVERSION = YES;
				CLANG_WARN_COMMA = YES;
				CLANG_WARN_CONSTANT_CONVERSION = YES;
				CLANG_WARN_DEPRECATED_OBJC_IMPLEMENTATIONS = YES;
				CLANG_WARN_DIRECT_OBJC_ISA_USAGE = YES_ERROR;
				CLANG_WARN_DOCUMENTATION_COMMENTS = YES;
				CLANG_WARN_EMPTY_BODY = YES;
				CLANG_WARN_ENUM_CONVERSION = YES;
				CLANG_WARN_INFINITE_RECURSION = YES;
				CLANG_WARN_INT_CONVERSION = YES;
				CLANG_WARN_NON_LITERAL_NULL_CONVERSION = YES;
				CLANG_WARN_OBJC_IMPLICIT_RETAIN_SELF = YES;
				CLANG_WARN_OBJC_LITERAL_CONVERSION = YES;
				CLANG_WARN_OBJC_ROOT_CLASS = YES_ERROR;
				CLANG_WARN_QUOTED_INCLUDE_IN_FRAMEWORK_HEADER = YES;
				CLANG_WARN_RANGE_LOOP_ANALYSIS = YES;
				CLANG_WARN_STRICT_PROTOTYPES = YES;
				CLANG_WARN_SUSPICIOUS_MOVE = YES;
				CLANG_WARN_UNGUARDED_AVAILABILITY = YES_AGGRESSIVE;
				CLANG_WARN_UNREACHABLE_CODE = YES;
				CLANG_WARN__DUPLICATE_METHOD_MATCH = YES;
				COPY_PHASE_STRIP = NO;
				DEBUG_INFORMATION_FORMAT = "dwarf-with-dsym";
				ENABLE_NS_ASSERTIONS = NO;
				ENABLE_STRICT_OBJC_MSGSEND = YES;
				GCC_C_LANGUAGE_STANDARD = gnu11;
				GCC_NO_COMMON_BLOCKS = YES;
				GCC_WARN_64_TO_32_BIT_CONVERSION = YES;
				GCC_WARN_ABOUT_RETURN_TYPE = YES_ERROR;
				GCC_WARN_UNDECLARED_SELECTOR = YES;
				GCC_WARN_UNINITIALIZED_AUTOS = YES_AGGRESSIVE;
				GCC_WARN_UNUSED_FUNCTION = YES;
				GCC_WARN_UNUSED_VARIABLE = YES;
				IPHONEOS_DEPLOYMENT_TARGET = 16.1;
				MTL_ENABLE_DEBUG_INFO = NO;
				MTL_FAST_MATH = YES;
				SDKROOT = iphoneos;
				SWIFT_COMPILATION_MODE = wholemodule;
				SWIFT_OPTIMIZATION_LEVEL = "-O";
				VALIDATE_PRODUCT = YES;
			};
			name = Release;
		};
		DB26BE91291E5F1A00ED6E3A /* Debug */ = {
			isa = XCBuildConfiguration;
			buildSettings = {
				ASSETCATALOG_COMPILER_APPICON_NAME = AppIcon;
				ASSETCATALOG_COMPILER_GLOBAL_ACCENT_COLOR_NAME = AccentColor;
				CODE_SIGN_STYLE = Automatic;
				CURRENT_PROJECT_VERSION = 1;
				DEVELOPMENT_ASSET_PATHS = "\"LevartTravel/Preview Content\"";
				DEVELOPMENT_TEAM = R9XJ622U85;
				ENABLE_PREVIEWS = YES;
				GENERATE_INFOPLIST_FILE = YES;
				INFOPLIST_FILE = LevartTravel/Info.plist;
				INFOPLIST_KEY_LSApplicationCategoryType = "public.app-category.travel";
				INFOPLIST_KEY_UIApplicationSceneManifest_Generation = YES;
				INFOPLIST_KEY_UIApplicationSupportsIndirectInputEvents = YES;
				INFOPLIST_KEY_UILaunchScreen_Generation = YES;
				INFOPLIST_KEY_UILaunchStoryboardName = S;
				INFOPLIST_KEY_UISupportedInterfaceOrientations_iPad = "UIInterfaceOrientationPortrait UIInterfaceOrientationPortraitUpsideDown UIInterfaceOrientationLandscapeLeft UIInterfaceOrientationLandscapeRight";
				INFOPLIST_KEY_UISupportedInterfaceOrientations_iPhone = "UIInterfaceOrientationPortrait UIInterfaceOrientationLandscapeLeft UIInterfaceOrientationLandscapeRight";
				IPHONEOS_DEPLOYMENT_TARGET = 16.0;
				LD_RUNPATH_SEARCH_PATHS = (
					"$(inherited)",
					"@executable_path/Frameworks",
				);
				MARKETING_VERSION = 1.0;
				PRODUCT_BUNDLE_IDENTIFIER = dev.harryle.LevartTravel;
				PRODUCT_NAME = "$(TARGET_NAME)";
				SWIFT_EMIT_LOC_STRINGS = YES;
				SWIFT_VERSION = 5.0;
				TARGETED_DEVICE_FAMILY = "1,2";
			};
			name = Debug;
		};
		DB26BE92291E5F1A00ED6E3A /* Release */ = {
			isa = XCBuildConfiguration;
			buildSettings = {
				ASSETCATALOG_COMPILER_APPICON_NAME = AppIcon;
				ASSETCATALOG_COMPILER_GLOBAL_ACCENT_COLOR_NAME = AccentColor;
				CODE_SIGN_STYLE = Automatic;
				CURRENT_PROJECT_VERSION = 1;
				DEVELOPMENT_ASSET_PATHS = "\"LevartTravel/Preview Content\"";
				DEVELOPMENT_TEAM = R9XJ622U85;
				ENABLE_PREVIEWS = YES;
				GENERATE_INFOPLIST_FILE = YES;
				INFOPLIST_FILE = LevartTravel/Info.plist;
				INFOPLIST_KEY_LSApplicationCategoryType = "public.app-category.travel";
				INFOPLIST_KEY_UIApplicationSceneManifest_Generation = YES;
				INFOPLIST_KEY_UIApplicationSupportsIndirectInputEvents = YES;
				INFOPLIST_KEY_UILaunchScreen_Generation = YES;
				INFOPLIST_KEY_UILaunchStoryboardName = S;
				INFOPLIST_KEY_UISupportedInterfaceOrientations_iPad = "UIInterfaceOrientationPortrait UIInterfaceOrientationPortraitUpsideDown UIInterfaceOrientationLandscapeLeft UIInterfaceOrientationLandscapeRight";
				INFOPLIST_KEY_UISupportedInterfaceOrientations_iPhone = "UIInterfaceOrientationPortrait UIInterfaceOrientationLandscapeLeft UIInterfaceOrientationLandscapeRight";
				IPHONEOS_DEPLOYMENT_TARGET = 16.0;
				LD_RUNPATH_SEARCH_PATHS = (
					"$(inherited)",
					"@executable_path/Frameworks",
				);
				MARKETING_VERSION = 1.0;
				PRODUCT_BUNDLE_IDENTIFIER = dev.harryle.LevartTravel;
				PRODUCT_NAME = "$(TARGET_NAME)";
				SWIFT_EMIT_LOC_STRINGS = YES;
				SWIFT_VERSION = 5.0;
				TARGETED_DEVICE_FAMILY = "1,2";
			};
			name = Release;
		};
/* End XCBuildConfiguration section */

/* Begin XCConfigurationList section */
		DB26BE7D291E5F1700ED6E3A /* Build configuration list for PBXProject "LevartTravel" */ = {
			isa = XCConfigurationList;
			buildConfigurations = (
				DB26BE8E291E5F1A00ED6E3A /* Debug */,
				DB26BE8F291E5F1A00ED6E3A /* Release */,
			);
			defaultConfigurationIsVisible = 0;
			defaultConfigurationName = Release;
		};
		DB26BE90291E5F1A00ED6E3A /* Build configuration list for PBXNativeTarget "LevartTravel" */ = {
			isa = XCConfigurationList;
			buildConfigurations = (
				DB26BE91291E5F1A00ED6E3A /* Debug */,
				DB26BE92291E5F1A00ED6E3A /* Release */,
			);
			defaultConfigurationIsVisible = 0;
			defaultConfigurationName = Release;
		};
/* End XCConfigurationList section */

/* Begin XCRemoteSwiftPackageReference section */
		DB4BF54D2936D60300008BA5 /* XCRemoteSwiftPackageReference "firebase-ios-sdk" */ = {
			isa = XCRemoteSwiftPackageReference;
			repositoryURL = "https://github.com/firebase/firebase-ios-sdk";
			requirement = {
				kind = upToNextMajorVersion;
				minimumVersion = 9.0.0;
			};
		};
		DB4BF5542936D8AF00008BA5 /* XCRemoteSwiftPackageReference "GoogleSignIn-iOS" */ = {
			isa = XCRemoteSwiftPackageReference;
			repositoryURL = "https://github.com/google/GoogleSignIn-iOS";
			requirement = {
				kind = upToNextMajorVersion;
				minimumVersion = 6.0.0;
			};
		};
		DB912D1D2941F5550001BC64 /* XCRemoteSwiftPackageReference "Resolver" */ = {
			isa = XCRemoteSwiftPackageReference;
			repositoryURL = "https://github.com/hmlongco/Resolver.git";
			requirement = {
				kind = upToNextMajorVersion;
				minimumVersion = 1.0.0;
			};
		};
		DB912D222941F7070001BC64 /* XCRemoteSwiftPackageReference "Disk" */ = {
			isa = XCRemoteSwiftPackageReference;
			repositoryURL = "https://github.com/saoudrizwan/Disk.git";
			requirement = {
				kind = upToNextMajorVersion;
				minimumVersion = 0.6.4;
			};
		};
		DB912D502948C9100001BC64 /* XCRemoteSwiftPackageReference "WrappingHStack" */ = {
			isa = XCRemoteSwiftPackageReference;
			repositoryURL = "https://github.com/dkk/WrappingHStack";
			requirement = {
				kind = upToNextMajorVersion;
				minimumVersion = 2.0.0;
			};
		};
/* End XCRemoteSwiftPackageReference section */

/* Begin XCSwiftPackageProductDependency section */
		DB4BF54E2936D60300008BA5 /* FirebaseAnalytics */ = {
			isa = XCSwiftPackageProductDependency;
			package = DB4BF54D2936D60300008BA5 /* XCRemoteSwiftPackageReference "firebase-ios-sdk" */;
			productName = FirebaseAnalytics;
		};
		DB4BF5502936D60300008BA5 /* FirebaseAuth */ = {
			isa = XCSwiftPackageProductDependency;
			package = DB4BF54D2936D60300008BA5 /* XCRemoteSwiftPackageReference "firebase-ios-sdk" */;
			productName = FirebaseAuth;
		};
		DB4BF5522936D60300008BA5 /* FirebaseStorage */ = {
			isa = XCSwiftPackageProductDependency;
			package = DB4BF54D2936D60300008BA5 /* XCRemoteSwiftPackageReference "firebase-ios-sdk" */;
			productName = FirebaseStorage;
		};
		DB4BF5552936D8AF00008BA5 /* GoogleSignIn */ = {
			isa = XCSwiftPackageProductDependency;
			package = DB4BF5542936D8AF00008BA5 /* XCRemoteSwiftPackageReference "GoogleSignIn-iOS" */;
			productName = GoogleSignIn;
		};
		DB4BF56D2938DDC700008BA5 /* FirebaseFirestore */ = {
			isa = XCSwiftPackageProductDependency;
			package = DB4BF54D2936D60300008BA5 /* XCRemoteSwiftPackageReference "firebase-ios-sdk" */;
			productName = FirebaseFirestore;
		};
		DB912D102941E0400001BC64 /* FirebaseFirestoreSwift */ = {
			isa = XCSwiftPackageProductDependency;
			package = DB4BF54D2936D60300008BA5 /* XCRemoteSwiftPackageReference "firebase-ios-sdk" */;
			productName = FirebaseFirestoreSwift;
		};
		DB912D1E2941F5550001BC64 /* Resolver */ = {
			isa = XCSwiftPackageProductDependency;
			package = DB912D1D2941F5550001BC64 /* XCRemoteSwiftPackageReference "Resolver" */;
			productName = Resolver;
		};
		DB912D232941F7070001BC64 /* Disk */ = {
			isa = XCSwiftPackageProductDependency;
			package = DB912D222941F7070001BC64 /* XCRemoteSwiftPackageReference "Disk" */;
			productName = Disk;
		};
		DB912D512948C9100001BC64 /* WrappingHStack */ = {
			isa = XCSwiftPackageProductDependency;
			package = DB912D502948C9100001BC64 /* XCRemoteSwiftPackageReference "WrappingHStack" */;
			productName = WrappingHStack;
		};
/* End XCSwiftPackageProductDependency section */
	};
	rootObject = DB26BE7A291E5F1700ED6E3A /* Project object */;
}
